
Microsoft Visual Studio Solution File, Format Version 10.00
# Visual C++ Express 2008
Project("{8BC9CEB8-8B4A-11D0-8D11-00A0C91BC942}") = "ChallengeChapter4number15", "ChallengeChapter4number15\ChallengeChapter4number15.vcproj", "{57D53C52-D3B4-4353-80C8-3075F93F4695}"
EndProject
Global
	GlobalSection(SolutionConfigurationPlatforms) = preSolution
		Debug|Win32 = Debug|Win32
		Release|Win32 = Release|Win32
	EndGlobalSection
	GlobalSection(ProjectConfigurationPlatforms) = postSolution
		{57D53C52-D3B4-4353-80C8-3075F93F4695}.Debug|Win32.ActiveCfg = Debug|Win32
		{57D53C52-D3B4-4353-80C8-3075F93F4695}.Debug|Win32.Build.0 = Debug|Win32
		{57D53C52-D3B4-4353-80C8-3075F93F4695}.Release|Win32.ActiveCfg = Release|Win32
		{57D53C52-D3B4-4353-80C8-3075F93F4695}.Release|Win32.Build.0 = Release|Win32
	EndGlobalSection
	GlobalSection(SolutionProperties) = preSolution
		HideSolutionNode = FALSE
	EndGlobalSection
EndGlobal
